// !$*UTF8*$!
{
	archiveVersion = 1;
	classes = {
	};
	objectVersion = 46;
	objects = {

/* Begin PBXBuildFile section */
		3A3DF2071D85A5FA00AE4440 /* AppDelegate.swift in Sources */ = {isa = PBXBuildFile; fileRef = 3A3DF2061D85A5FA00AE4440 /* AppDelegate.swift */; };
		3A3DF2091D85A5FA00AE4440 /* ViewController.swift in Sources */ = {isa = PBXBuildFile; fileRef = 3A3DF2081D85A5FA00AE4440 /* ViewController.swift */; };
		3A3DF20C1D85A5FA00AE4440 /* Main.storyboard in Resources */ = {isa = PBXBuildFile; fileRef = 3A3DF20A1D85A5FA00AE4440 /* Main.storyboard */; };
		3A3DF20E1D85A5FA00AE4440 /* Assets.xcassets in Resources */ = {isa = PBXBuildFile; fileRef = 3A3DF20D1D85A5FA00AE4440 /* Assets.xcassets */; };
		3A3DF2111D85A5FA00AE4440 /* LaunchScreen.storyboard in Resources */ = {isa = PBXBuildFile; fileRef = 3A3DF20F1D85A5FA00AE4440 /* LaunchScreen.storyboard */; };
		3A3DF2191D85BE4200AE4440 /* PageViewController.swift in Sources */ = {isa = PBXBuildFile; fileRef = 3A3DF2181D85BE4200AE4440 /* PageViewController.swift */; };
		3A3DF21B1D85C1CA00AE4440 /* ImageViewController.swift in Sources */ = {isa = PBXBuildFile; fileRef = 3A3DF21A1D85C1CA00AE4440 /* ImageViewController.swift */; };
		3A6CB4EA1D86A3A400FF64BE /* UserDetailPage1ViewController.swift in Sources */ = {isa = PBXBuildFile; fileRef = 3A6CB4E91D86A3A400FF64BE /* UserDetailPage1ViewController.swift */; };
		3A6CB4EC1D86A58400FF64BE /* UserDetailPage2Controller.swift in Sources */ = {isa = PBXBuildFile; fileRef = 3A6CB4EB1D86A58400FF64BE /* UserDetailPage2Controller.swift */; };
		3A6CB4EE1D86AE3C00FF64BE /* BlogsViewController.swift in Sources */ = {isa = PBXBuildFile; fileRef = 3A6CB4ED1D86AE3C00FF64BE /* BlogsViewController.swift */; };
		3A6CB4F01D86AE4800FF64BE /* AboutUsViewController.swift in Sources */ = {isa = PBXBuildFile; fileRef = 3A6CB4EF1D86AE4800FF64BE /* AboutUsViewController.swift */; };
		3A6CB4F21D86AE6A00FF64BE /* FeedbackViewController.swift in Sources */ = {isa = PBXBuildFile; fileRef = 3A6CB4F11D86AE6A00FF64BE /* FeedbackViewController.swift */; };
		3A8348ED1D85E7510080CDE2 /* HomeViewController.swift in Sources */ = {isa = PBXBuildFile; fileRef = 3A8348EC1D85E7510080CDE2 /* HomeViewController.swift */; };
		3A8348EF1D8688440080CDE2 /* ServiceTableViewController.swift in Sources */ = {isa = PBXBuildFile; fileRef = 3A8348EE1D8688440080CDE2 /* ServiceTableViewController.swift */; };
		3A8348F11D868B000080CDE2 /* AccordionHeaderView.swift in Sources */ = {isa = PBXBuildFile; fileRef = 3A8348F01D868B000080CDE2 /* AccordionHeaderView.swift */; };
		3A8348F31D8696AC0080CDE2 /* AccordionHeaderView.xib in Resources */ = {isa = PBXBuildFile; fileRef = 3A8348F21D8696AC0080CDE2 /* AccordionHeaderView.xib */; };
		8AA20D41427319610A91E6C1 /* Pods_Locazo.framework in Frameworks */ = {isa = PBXBuildFile; fileRef = BC4F7E6E675FF50E782E267E /* Pods_Locazo.framework */; };
/* End PBXBuildFile section */

/* Begin PBXFileReference section */
		3A3DF2031D85A5FA00AE4440 /* Locazo.app */ = {isa = PBXFileReference; explicitFileType = wrapper.application; includeInIndex = 0; path = Locazo.app; sourceTree = BUILT_PRODUCTS_DIR; };
		3A3DF2061D85A5FA00AE4440 /* AppDelegate.swift */ = {isa = PBXFileReference; lastKnownFileType = sourcecode.swift; path = AppDelegate.swift; sourceTree = "<group>"; };
		3A3DF2081D85A5FA00AE4440 /* ViewController.swift */ = {isa = PBXFileReference; lastKnownFileType = sourcecode.swift; path = ViewController.swift; sourceTree = "<group>"; };
		3A3DF20B1D85A5FA00AE4440 /* Base */ = {isa = PBXFileReference; lastKnownFileType = file.storyboard; name = Base; path = Base.lproj/Main.storyboard; sourceTree = "<group>"; };
		3A3DF20D1D85A5FA00AE4440 /* Assets.xcassets */ = {isa = PBXFileReference; lastKnownFileType = folder.assetcatalog; path = Assets.xcassets; sourceTree = "<group>"; };
		3A3DF2101D85A5FA00AE4440 /* Base */ = {isa = PBXFileReference; lastKnownFileType = file.storyboard; name = Base; path = Base.lproj/LaunchScreen.storyboard; sourceTree = "<group>"; };
		3A3DF2121D85A5FA00AE4440 /* Info.plist */ = {isa = PBXFileReference; lastKnownFileType = text.plist.xml; path = Info.plist; sourceTree = "<group>"; };
		3A3DF2181D85BE4200AE4440 /* PageViewController.swift */ = {isa = PBXFileReference; fileEncoding = 4; lastKnownFileType = sourcecode.swift; path = PageViewController.swift; sourceTree = "<group>"; };
		3A3DF21A1D85C1CA00AE4440 /* ImageViewController.swift */ = {isa = PBXFileReference; fileEncoding = 4; lastKnownFileType = sourcecode.swift; path = ImageViewController.swift; sourceTree = "<group>"; };
		3A6CB4E91D86A3A400FF64BE /* UserDetailPage1ViewController.swift */ = {isa = PBXFileReference; fileEncoding = 4; lastKnownFileType = sourcecode.swift; path = UserDetailPage1ViewController.swift; sourceTree = "<group>"; };
		3A6CB4EB1D86A58400FF64BE /* UserDetailPage2Controller.swift */ = {isa = PBXFileReference; fileEncoding = 4; lastKnownFileType = sourcecode.swift; path = UserDetailPage2Controller.swift; sourceTree = "<group>"; };
		3A6CB4ED1D86AE3C00FF64BE /* BlogsViewController.swift */ = {isa = PBXFileReference; fileEncoding = 4; lastKnownFileType = sourcecode.swift; path = BlogsViewController.swift; sourceTree = "<group>"; };
		3A6CB4EF1D86AE4800FF64BE /* AboutUsViewController.swift */ = {isa = PBXFileReference; fileEncoding = 4; lastKnownFileType = sourcecode.swift; path = AboutUsViewController.swift; sourceTree = "<group>"; };
		3A6CB4F11D86AE6A00FF64BE /* FeedbackViewController.swift */ = {isa = PBXFileReference; fileEncoding = 4; lastKnownFileType = sourcecode.swift; path = FeedbackViewController.swift; sourceTree = "<group>"; };
		3A8348EC1D85E7510080CDE2 /* HomeViewController.swift */ = {isa = PBXFileReference; fileEncoding = 4; lastKnownFileType = sourcecode.swift; path = HomeViewController.swift; sourceTree = "<group>"; };
		3A8348EE1D8688440080CDE2 /* ServiceTableViewController.swift */ = {isa = PBXFileReference; fileEncoding = 4; lastKnownFileType = sourcecode.swift; path = ServiceTableViewController.swift; sourceTree = "<group>"; };
		3A8348F01D868B000080CDE2 /* AccordionHeaderView.swift */ = {isa = PBXFileReference; fileEncoding = 4; lastKnownFileType = sourcecode.swift; path = AccordionHeaderView.swift; sourceTree = "<group>"; };
		3A8348F21D8696AC0080CDE2 /* AccordionHeaderView.xib */ = {isa = PBXFileReference; fileEncoding = 4; lastKnownFileType = file.xib; path = AccordionHeaderView.xib; sourceTree = "<group>"; };
		B1C421FF818D222288166DB1 /* Pods-Locazo.debug.xcconfig */ = {isa = PBXFileReference; includeInIndex = 1; lastKnownFileType = text.xcconfig; name = "Pods-Locazo.debug.xcconfig"; path = "Pods/Target Support Files/Pods-Locazo/Pods-Locazo.debug.xcconfig"; sourceTree = "<group>"; };
		BC4F7E6E675FF50E782E267E /* Pods_Locazo.framework */ = {isa = PBXFileReference; explicitFileType = wrapper.framework; includeInIndex = 0; path = Pods_Locazo.framework; sourceTree = BUILT_PRODUCTS_DIR; };
		FD06C546F39E157B7A0E6B90 /* Pods-Locazo.release.xcconfig */ = {isa = PBXFileReference; includeInIndex = 1; lastKnownFileType = text.xcconfig; name = "Pods-Locazo.release.xcconfig"; path = "Pods/Target Support Files/Pods-Locazo/Pods-Locazo.release.xcconfig"; sourceTree = "<group>"; };
/* End PBXFileReference section */

/* Begin PBXFrameworksBuildPhase section */
		3A3DF2001D85A5FA00AE4440 /* Frameworks */ = {
			isa = PBXFrameworksBuildPhase;
			buildActionMask = 2147483647;
			files = (
				8AA20D41427319610A91E6C1 /* Pods_Locazo.framework in Frameworks */,
			);
			runOnlyForDeploymentPostprocessing = 0;
		};
/* End PBXFrameworksBuildPhase section */

/* Begin PBXGroup section */
		3A3DF1FA1D85A5FA00AE4440 = {
			isa = PBXGroup;
			children = (
				3A3DF2051D85A5FA00AE4440 /* Locazo */,
				3A3DF2041D85A5FA00AE4440 /* Products */,
				6D3656BBABC02BFF214B227E /* Pods */,
				B52D8BB0A63B3F3D1E3C464F /* Frameworks */,
			);
			sourceTree = "<group>";
		};
		3A3DF2041D85A5FA00AE4440 /* Products */ = {
			isa = PBXGroup;
			children = (
				3A3DF2031D85A5FA00AE4440 /* Locazo.app */,
			);
			name = Products;
			sourceTree = "<group>";
		};
		3A3DF2051D85A5FA00AE4440 /* Locazo */ = {
			isa = PBXGroup;
			children = (
				3A8348F21D8696AC0080CDE2 /* AccordionHeaderView.xib */,
				3A3DF2061D85A5FA00AE4440 /* AppDelegate.swift */,
				3A3DF2081D85A5FA00AE4440 /* ViewController.swift */,
				3A3DF20A1D85A5FA00AE4440 /* Main.storyboard */,
				3A6CB4F11D86AE6A00FF64BE /* FeedbackViewController.swift */,
				3A6CB4ED1D86AE3C00FF64BE /* BlogsViewController.swift */,
				3A6CB4EF1D86AE4800FF64BE /* AboutUsViewController.swift */,
				3A6CB4E91D86A3A400FF64BE /* UserDetailPage1ViewController.swift */,
				3A6CB4EB1D86A58400FF64BE /* UserDetailPage2Controller.swift */,
				3A8348EE1D8688440080CDE2 /* ServiceTableViewController.swift */,
				3A8348F01D868B000080CDE2 /* AccordionHeaderView.swift */,
				3A8348EC1D85E7510080CDE2 /* HomeViewController.swift */,
				3A3DF2181D85BE4200AE4440 /* PageViewController.swift */,
				3A3DF21A1D85C1CA00AE4440 /* ImageViewController.swift */,
				3A3DF20D1D85A5FA00AE4440 /* Assets.xcassets */,
				3A3DF20F1D85A5FA00AE4440 /* LaunchScreen.storyboard */,
				3A3DF2121D85A5FA00AE4440 /* Info.plist */,
			);
			path = Locazo;
			sourceTree = "<group>";
		};
		6D3656BBABC02BFF214B227E /* Pods */ = {
			isa = PBXGroup;
			children = (
				B1C421FF818D222288166DB1 /* Pods-Locazo.debug.xcconfig */,
				FD06C546F39E157B7A0E6B90 /* Pods-Locazo.release.xcconfig */,
			);
			name = Pods;
			sourceTree = "<group>";
		};
		B52D8BB0A63B3F3D1E3C464F /* Frameworks */ = {
			isa = PBXGroup;
			children = (
				BC4F7E6E675FF50E782E267E /* Pods_Locazo.framework */,
			);
			name = Frameworks;
			sourceTree = "<group>";
		};
/* End PBXGroup section */

/* Begin PBXNativeTarget section */
		3A3DF2021D85A5FA00AE4440 /* Locazo */ = {
			isa = PBXNativeTarget;
			buildConfigurationList = 3A3DF2151D85A5FA00AE4440 /* Build configuration list for PBXNativeTarget "Locazo" */;
			buildPhases = (
				96FC92ABA4EE63C53E7028DF /* [CP] Check Pods Manifest.lock */,
				3A3DF1FF1D85A5FA00AE4440 /* Sources */,
				3A3DF2001D85A5FA00AE4440 /* Frameworks */,
				3A3DF2011D85A5FA00AE4440 /* Resources */,
				5F967BCB386DBD791E58FBA7 /* [CP] Embed Pods Frameworks */,
				F8ABDFE293483A439A23D0DA /* [CP] Copy Pods Resources */,
			);
			buildRules = (
			);
			dependencies = (
			);
			name = Locazo;
			productName = Locazo;
			productReference = 3A3DF2031D85A5FA00AE4440 /* Locazo.app */;
			productType = "com.apple.product-type.application";
		};
/* End PBXNativeTarget section */

/* Begin PBXProject section */
		3A3DF1FB1D85A5FA00AE4440 /* Project object */ = {
			isa = PBXProject;
			attributes = {
				LastSwiftUpdateCheck = 0730;
				LastUpgradeCheck = 0730;
				ORGANIZATIONNAME = Locazo;
				TargetAttributes = {
					3A3DF2021D85A5FA00AE4440 = {
						CreatedOnToolsVersion = 7.3;
					};
				};
			};
			buildConfigurationList = 3A3DF1FE1D85A5FA00AE4440 /* Build configuration list for PBXProject "Locazo" */;
			compatibilityVersion = "Xcode 3.2";
			developmentRegion = English;
			hasScannedForEncodings = 0;
			knownRegions = (
				en,
				Base,
			);
			mainGroup = 3A3DF1FA1D85A5FA00AE4440;
			productRefGroup = 3A3DF2041D85A5FA00AE4440 /* Products */;
			projectDirPath = "";
			projectRoot = "";
			targets = (
				3A3DF2021D85A5FA00AE4440 /* Locazo */,
			);
		};
/* End PBXProject section */

/* Begin PBXResourcesBuildPhase section */
		3A3DF2011D85A5FA00AE4440 /* Resources */ = {
			isa = PBXResourcesBuildPhase;
			buildActionMask = 2147483647;
			files = (
				3A3DF2111D85A5FA00AE4440 /* LaunchScreen.storyboard in Resources */,
				3A3DF20E1D85A5FA00AE4440 /* Assets.xcassets in Resources */,
				3A8348F31D8696AC0080CDE2 /* AccordionHeaderView.xib in Resources */,
				3A3DF20C1D85A5FA00AE4440 /* Main.storyboard in Resources */,
			);
			runOnlyForDeploymentPostprocessing = 0;
		};
/* End PBXResourcesBuildPhase section */

/* Begin PBXShellScriptBuildPhase section */
		5F967BCB386DBD791E58FBA7 /* [CP] Embed Pods Frameworks */ = {
			isa = PBXShellScriptBuildPhase;
			buildActionMask = 2147483647;
			files = (
			);
			inputPaths = (
			);
			name = "[CP] Embed Pods Frameworks";
			outputPaths = (
			);
			runOnlyForDeploymentPostprocessing = 0;
			shellPath = /bin/sh;
			shellScript = "\"${SRCROOT}/Pods/Target Support Files/Pods-Locazo/Pods-Locazo-frameworks.sh\"\n";
			showEnvVarsInLog = 0;
		};
		96FC92ABA4EE63C53E7028DF /* [CP] Check Pods Manifest.lock */ = {
			isa = PBXShellScriptBuildPhase;
			buildActionMask = 2147483647;
			files = (
			);
			inputPaths = (
			);
			name = "[CP] Check Pods Manifest.lock";
			outputPaths = (
			);
			runOnlyForDeploymentPostprocessing = 0;
			shellPath = /bin/sh;
			shellScript = "diff \"${PODS_ROOT}/../Podfile.lock\" \"${PODS_ROOT}/Manifest.lock\" > /dev/null\nif [[ $? != 0 ]] ; then\n    cat << EOM\nerror: The sandbox is not in sync with the Podfile.lock. Run 'pod install' or update your CocoaPods installation.\nEOM\n    exit 1\nfi\n";
			showEnvVarsInLog = 0;
		};
		F8ABDFE293483A439A23D0DA /* [CP] Copy Pods Resources */ = {
			isa = PBXShellScriptBuildPhase;
			buildActionMask = 2147483647;
			files = (
			);
			inputPaths = (
			);
			name = "[CP] Copy Pods Resources";
			outputPaths = (
			);
			runOnlyForDeploymentPostprocessing = 0;
			shellPath = /bin/sh;
			shellScript = "\"${SRCROOT}/Pods/Target Support Files/Pods-Locazo/Pods-Locazo-resources.sh\"\n";
			showEnvVarsInLog = 0;
		};
/* End PBXShellScriptBuildPhase section */

/* Begin PBXSourcesBuildPhase section */
		3A3DF1FF1D85A5FA00AE4440 /* Sources */ = {
			isa = PBXSourcesBuildPhase;
			buildActionMask = 2147483647;
			files = (
				3A8348EF1D8688440080CDE2 /* ServiceTableViewController.swift in Sources */,
				3A8348F11D868B000080CDE2 /* AccordionHeaderView.swift in Sources */,
				3A8348ED1D85E7510080CDE2 /* HomeViewController.swift in Sources */,
				3A3DF2191D85BE4200AE4440 /* PageViewController.swift in Sources */,
				3A3DF2091D85A5FA00AE4440 /* ViewController.swift in Sources */,
				3A6CB4EA1D86A3A400FF64BE /* UserDetailPage1ViewController.swift in Sources */,
				3A6CB4EE1D86AE3C00FF64BE /* BlogsViewController.swift in Sources */,
				3A6CB4F21D86AE6A00FF64BE /* FeedbackViewController.swift in Sources */,
				3A3DF21B1D85C1CA00AE4440 /* ImageViewController.swift in Sources */,
				3A6CB4EC1D86A58400FF64BE /* UserDetailPage2Controller.swift in Sources */,
				3A6CB4F01D86AE4800FF64BE /* AboutUsViewController.swift in Sources */,
				3A3DF2071D85A5FA00AE4440 /* AppDelegate.swift in Sources */,
			);
			runOnlyForDeploymentPostprocessing = 0;
		};
/* End PBXSourcesBuildPhase section */

/* Begin PBXVariantGroup section */
		3A3DF20A1D85A5FA00AE4440 /* Main.storyboard */ = {
			isa = PBXVariantGroup;
			children = (
				3A3DF20B1D85A5FA00AE4440 /* Base */,
			);
			name = Main.storyboard;
			sourceTree = "<group>";
		};
		3A3DF20F1D85A5FA00AE4440 /* LaunchScreen.storyboard */ = {
			isa = PBXVariantGroup;
			children = (
				3A3DF2101D85A5FA00AE4440 /* Base */,
			);
			name = LaunchScreen.storyboard;
			sourceTree = "<group>";
		};
/* End PBXVariantGroup section */

/* Begin XCBuildConfiguration section */
		3A3DF2131D85A5FA00AE4440 /* Debug */ = {
			isa = XCBuildConfiguration;
			buildSettings = {
				ALWAYS_SEARCH_USER_PATHS = NO;
				CLANG_ANALYZER_NONNULL = YES;
				CLANG_CXX_LANGUAGE_STANDARD = "gnu++0x";
				CLANG_CXX_LIBRARY = "libc++";
				CLANG_ENABLE_MODULES = YES;
				CLANG_ENABLE_OBJC_ARC = YES;
				CLANG_WARN_BOOL_CONVERSION = YES;
				CLANG_WARN_CONSTANT_CONVERSION = YES;
				CLANG_WARN_DIRECT_OBJC_ISA_USAGE = YES_ERROR;
				CLANG_WARN_EMPTY_BODY = YES;
				CLANG_WARN_ENUM_CONVERSION = YES;
				CLANG_WARN_INT_CONVERSION = YES;
				CLANG_WARN_OBJC_ROOT_CLASS = YES_ERROR;
				CLANG_WARN_UNREACHABLE_CODE = YES;
				CLANG_WARN__DUPLICATE_METHOD_MATCH = YES;
				"CODE_SIGN_IDENTITY[sdk=iphoneos*]" = "iPhone Developer";
				COPY_PHASE_STRIP = NO;
				DEBUG_INFORMATION_FORMAT = dwarf;
				ENABLE_STRICT_OBJC_MSGSEND = YES;
				ENABLE_TESTABILITY = YES;
				GCC_C_LANGUAGE_STANDARD = gnu99;
				GCC_DYNAMIC_NO_PIC = NO;
				GCC_NO_COMMON_BLOCKS = YES;
				GCC_OPTIMIZATION_LEVEL = 0;
				GCC_PREPROCESSOR_DEFINITIONS = (
					"DEBUG=1",
					"$(inherited)",
				);
				GCC_WARN_64_TO_32_BIT_CONVERSION = YES;
				GCC_WARN_ABOUT_RETURN_TYPE = YES_ERROR;
				GCC_WARN_UNDECLARED_SELECTOR = YES;
				GCC_WARN_UNINITIALIZED_AUTOS = YES_AGGRESSIVE;
				GCC_WARN_UNUSED_FUNCTION = YES;
				GCC_WARN_UNUSED_VARIABLE = YES;
				IPHONEOS_DEPLOYMENT_TARGET = 9.3;
				MTL_ENABLE_DEBUG_INFO = YES;
				ONLY_ACTIVE_ARCH = YES;
				SDKROOT = iphoneos;
				SWIFT_OPTIMIZATION_LEVEL = "-Onone";
				TARGETED_DEVICE_FAMILY = "1,2";
			};
			name = Debug;
		};
		3A3DF2141D85A5FA00AE4440 /* Release */ = {
			isa = XCBuildConfiguration;
			buildSettings = {
				ALWAYS_SEARCH_USER_PATHS = NO;
				CLANG_ANALYZER_NONNULL = YES;
				CLANG_CXX_LANGUAGE_STANDARD = "gnu++0x";
				CLANG_CXX_LIBRARY = "libc++";
				CLANG_ENABLE_MODULES = YES;
				CLANG_ENABLE_OBJC_ARC = YES;
				CLANG_WARN_BOOL_CONVERSION = YES;
				CLANG_WARN_CONSTANT_CONVERSION = YES;
				CLANG_WARN_DIRECT_OBJC_ISA_USAGE = YES_ERROR;
				CLANG_WARN_EMPTY_BODY = YES;
				CLANG_WARN_ENUM_CONVERSION = YES;
				CLANG_WARN_INT_CONVERSION = YES;
				CLANG_WARN_OBJC_ROOT_CLASS = YES_ERROR;
				CLANG_WARN_UNREACHABLE_CODE = YES;
				CLANG_WARN__DUPLICATE_METHOD_MATCH = YES;
				"CODE_SIGN_IDENTITY[sdk=iphoneos*]" = "iPhone Developer";
				COPY_PHASE_STRIP = NO;
				DEBUG_INFORMATION_FORMAT = "dwarf-with-dsym";
				ENABLE_NS_ASSERTIONS = NO;
				ENABLE_STRICT_OBJC_MSGSEND = YES;
				GCC_C_LANGUAGE_STANDARD = gnu99;
				GCC_NO_COMMON_BLOCKS = YES;
				GCC_WARN_64_TO_32_BIT_CONVERSION = YES;
				GCC_WARN_ABOUT_RETURN_TYPE = YES_ERROR;
				GCC_WARN_UNDECLARED_SELECTOR = YES;
				GCC_WARN_UNINITIALIZED_AUTOS = YES_AGGRESSIVE;
				GCC_WARN_UNUSED_FUNCTION = YES;
				GCC_WARN_UNUSED_VARIABLE = YES;
				IPHONEOS_DEPLOYMENT_TARGET = 9.3;
				MTL_ENABLE_DEBUG_INFO = NO;
				SDKROOT = iphoneos;
				TARGETED_DEVICE_FAMILY = "1,2";
				VALIDATE_PRODUCT = YES;
			};
			name = Release;
		};
		3A3DF2161D85A5FA00AE4440 /* Debug */ = {
			isa = XCBuildConfiguration;
			baseConfigurationReference = B1C421FF818D222288166DB1 /* Pods-Locazo.debug.xcconfig */;
			buildSettings = {
				ASSETCATALOG_COMPILER_APPICON_NAME = AppIcon;
				INFOPLIST_FILE = Locazo/Info.plist;
				LD_RUNPATH_SEARCH_PATHS = "$(inherited) @executable_path/Frameworks";
				PRODUCT_BUNDLE_IDENTIFIER = Locazo.Locazo;
				PRODUCT_NAME = "$(TARGET_NAME)";
			};
			name = Debug;
		};
		3A3DF2171D85A5FA00AE4440 /* Release */ = {
			isa = XCBuildConfiguration;
			baseConfigurationReference = FD06C546F39E157B7A0E6B90 /* Pods-Locazo.release.xcconfig */;
			buildSettings = {
				ASSETCATALOG_COMPILER_APPICON_NAME = AppIcon;
				INFOPLIST_FILE = Locazo/Info.plist;
				LD_RUNPATH_SEARCH_PATHS = "$(inherited) @executable_path/Frameworks";
				PRODUCT_BUNDLE_IDENTIFIER = Locazo.Locazo;
				PRODUCT_NAME = "$(TARGET_NAME)";
			};
			name = Release;
		};
/* End XCBuildConfiguration section */

/* Begin XCConfigurationList section */
		3A3DF1FE1D85A5FA00AE4440 /* Build configuration list for PBXProject "Locazo" */ = {
			isa = XCConfigurationList;
			buildConfigurations = (
				3A3DF2131D85A5FA00AE4440 /* Debug */,
				3A3DF2141D85A5FA00AE4440 /* Release */,
			);
			defaultConfigurationIsVisible = 0;
			defaultConfigurationName = Release;
		};
		3A3DF2151D85A5FA00AE4440 /* Build configuration list for PBXNativeTarget "Locazo" */ = {
			isa = XCConfigurationList;
			buildConfigurations = (
				3A3DF2161D85A5FA00AE4440 /* Debug */,
				3A3DF2171D85A5FA00AE4440 /* Release */,
			);
			defaultConfigurationIsVisible = 0;
			defaultConfigurationName = Release;
		};
/* End XCConfigurationList section */
	};
	rootObject = 3A3DF1FB1D85A5FA00AE4440 /* Project object */;
}
